<?xml version="1.0" encoding="utf-8"?>
<Project ToolsVersion="4.0" xmlns="http://schemas.microsoft.com/developer/msbuild/2003">
  <ItemGroup>
    <Filter Include="D3DCore">
      <UniqueIdentifier>{A9FF23F2-15DF-A28D-1EF7-2D648A5509EF}</UniqueIdentifier>
    </Filter>
    <Filter Include="D3DCore\Renderer">
      <UniqueIdentifier>{6FF197B1-5BEA-B603-841C-9C887074960F}</UniqueIdentifier>
    </Filter>
    <Filter Include="D3DCore\Renderer\DXError">
      <UniqueIdentifier>{0432E3A5-F056-3226-19A2-17B605263144}</UniqueIdentifier>
    </Filter>
  </ItemGroup>
  <ItemGroup>
    <ClInclude Include="src\d3dcpch.h" />
    <ClInclude Include="src\D3DCore\Core\EntryPoint.h" />
    <ClInclude Include="src\D3DCore\Core\Base.h" />
    <ClInclude Include="src\D3DCore\Core\Log.h" />
    <ClInclude Include="src\D3DCore\Core\D3DCWindows.h" />
    <ClInclude Include="src\D3DCore\Core\D3DCAssert.h" />
    <ClInclude Include="src\D3DCore\Core\D3DCException.h" />
    <ClInclude Include="src\D3DCore\Core\Window.h" />
    <ClInclude Include="src\D3DCore\Events\ApplicationEvent.h" />
    <ClInclude Include="src\D3DCore\Events\Event.h" />
    <ClInclude Include="src\D3DCore\Events\KeyEvent.h" />
    <ClInclude Include="src\D3DCore\Core\KeyCodes.h" />
    <ClInclude Include="src\D3DCore\Core\MouseCodes.h" />
    <ClInclude Include="src\D3DCore\Events\MouseEvent.h" />
    <ClInclude Include="src\D3DCore\Core\Layer.h" />
    <ClInclude Include="src\D3DCore\Core\LayerStack.h" />
    <ClInclude Include="src\D3DCore\Core\Application.h" />
    <ClInclude Include="src\D3DCore.h" />
    <ClInclude Include="src\D3DCore\Renderer\D3DContext.h" />
    <ClInclude Include="src\D3DCore\Renderer\DXError\dxerr.h" />
    <ClInclude Include="src\D3DCore\Renderer\DXError\DxgiInfoManager.h" />
    <ClInclude Include="src\D3DCore\Renderer\Renderer.h" />
    <ClInclude Include="src\D3DCore\Renderer\Framebuffer.h" />
    <ClInclude Include="src\D3DCore\Renderer\Shader.h" />
    <ClInclude Include="src\D3DCore\Utils\Loader.h" />
    <ClInclude Include="src\D3DCore\Renderer\Buffer.h" />
    <ClInclude Include="src\D3DCore\Renderer\Texture.h" />
    <ClInclude Include="src\D3DCore\Utils\BasicMesh.h" />
    <ClInclude Include="src\D3DCore\Utils\EditorCamera.h" />
    <ClInclude Include="src\D3DCore\Core\Input.h" />
    <ClInclude Include="src\D3DCore\Scene\Entity.h" />
    <ClInclude Include="src\D3DCore\Scene\Scene.h" />
    <ClInclude Include="src\D3DCore\Scene\Components.h" />
    <ClInclude Include="src\D3DCore\Scene\System.h" />
    <ClInclude Include="src\D3DCore\Core\Time.h" />
    <ClInclude Include="src\D3DCore\ImGui\ImGuiLayer.h" />
  </ItemGroup>
  <ItemGroup>
    <ClCompile Include="src\d3dcpch.cpp" />
    <ClCompile Include="src\D3DCore\Core\Log.cpp" />
    <ClCompile Include="src\D3DCore\Core\D3DCException.cpp" />
    <ClCompile Include="src\D3DCore\Core\Window.cpp" />
    <ClCompile Include="src\D3DCore\Core\LayerStack.cpp" />
    <ClCompile Include="src\D3DCore\Core\Application.cpp" />
    <ClCompile Include="src\D3DCore\Renderer\D3DContext.cpp" />
    <ClCompile Include="src\D3DCore\Renderer\DXError\dxerr.cpp" />
    <ClCompile Include="src\D3DCore\Renderer\DXError\DxgiInfoManager.cpp" />
    <ClCompile Include="src\D3DCore\Renderer\Renderer.cpp" />
    <ClCompile Include="src\D3DCore\Renderer\Framebuffer.cpp" />
    <ClCompile Include="src\D3DCore\Renderer\Shader.cpp" />
    <ClCompile Include="src\D3DCore\Utils\Loader.cpp" />
    <ClCompile Include="src\D3DCore\Renderer\Buffer.cpp" />
    <ClCompile Include="src\D3DCore\Renderer\Texture.cpp" />
    <ClCompile Include="src\D3DCore\Utils\BasicMesh.cpp" />
    <ClCompile Include="src\D3DCore\Utils\EditorCamera.cpp" />
    <ClCompile Include="src\D3DCore\Core\Input.cpp" />
    <ClCompile Include="src\D3DCore\Scene\Scene.cpp" />
    <ClCompile Include="src\D3DCore\Core\Time.cpp" />
    <ClCompile Include="src\D3DCore\ImGui\ImGuiBuild.cpp" />
    <ClCompile Include="src\D3DCore\ImGui\ImGuiLayer.cpp" />
  </ItemGroup>
  <ItemGroup>
    <None Include="src\D3DCore\Renderer\DXError\DXGetErrorDescription.inl" />
    <None Include="src\D3DCore\Renderer\DXError\DXGetErrorString.inl" />
    <None Include="src\D3DCore\Renderer\DXError\DXTrace.inl" />
  </ItemGroup>
</Project>